
Microsoft Visual Studio Solution File, Format Version 12.00
# Visual Studio Version 17
VisualStudioVersion = 17.1.32421.90
MinimumVisualStudioVersion = 10.0.40219.1
Project("{9A19103F-16F7-4668-BE54-9A1E7A4F7556}") = "Cosmibooks", "Cosmibooks\Cosmibooks.csproj", "{619FB2D7-420A-41E5-96B4-ED320A28DE90}"
EndProject
Global
	GlobalSection(SolutionConfigurationPlatforms) = preSolution
		Debug|Any CPU = Debug|Any CPU
		Release|Any CPU = Release|Any CPU
	EndGlobalSection
	GlobalSection(ProjectConfigurationPlatforms) = postSolution
		{619FB2D7-420A-41E5-96B4-ED320A28DE90}.Debug|Any CPU.ActiveCfg = Debug|Any CPU
		{619FB2D7-420A-41E5-96B4-ED320A28DE90}.Debug|Any CPU.Build.0 = Debug|Any CPU
		{619FB2D7-420A-41E5-96B4-ED320A28DE90}.Release|Any CPU.ActiveCfg = Release|Any CPU
		{619FB2D7-420A-41E5-96B4-ED320A28DE90}.Release|Any CPU.Build.0 = Release|Any CPU
	EndGlobalSection
	GlobalSection(SolutionProperties) = preSolution
		HideSolutionNode = FALSE
	EndGlobalSection
	GlobalSection(ExtensibilityGlobals) = postSolution
		SolutionGuid = {FD6406FB-03F8-4E01-A1C6-D07D727F0A8A}
	EndGlobalSection
EndGlobal
